
Microsoft Visual Studio Solution File, Format Version 12.00
# Visual Studio Version 17
VisualStudioVersion = 17.10.35004.147
MinimumVisualStudioVersion = 10.0.40219.1
Project("{FAE04EC0-301F-11D3-BF4B-00C04F79EFBC}") = "Ecommerce", "Ecommerce\Ecommerce.csproj", "{FDF0AC88-1336-4349-B07F-BF4A5D2299BE}"
EndProject
Global
	GlobalSection(SolutionConfigurationPlatforms) = preSolution
		Debug|Any CPU = Debug|Any CPU
		Release|Any CPU = Release|Any CPU
	EndGlobalSection
	GlobalSection(ProjectConfigurationPlatforms) = postSolution
		{FDF0AC88-1336-4349-B07F-BF4A5D2299BE}.Debug|Any CPU.ActiveCfg = Debug|Any CPU
		{FDF0AC88-1336-4349-B07F-BF4A5D2299BE}.Debug|Any CPU.Build.0 = Debug|Any CPU
		{FDF0AC88-1336-4349-B07F-BF4A5D2299BE}.Release|Any CPU.ActiveCfg = Release|Any CPU
		{FDF0AC88-1336-4349-B07F-BF4A5D2299BE}.Release|Any CPU.Build.0 = Release|Any CPU
	EndGlobalSection
	GlobalSection(SolutionProperties) = preSolution
		HideSolutionNode = FALSE
	EndGlobalSection
	GlobalSection(ExtensibilityGlobals) = postSolution
		SolutionGuid = {B6B83416-E4B8-4FBE-9AE9-EEB8317D905B}
	EndGlobalSection
EndGlobal
